
Microsoft Visual Studio Solution File, Format Version 12.00
# Visual Studio Version 16
VisualStudioVersion = 16.0.29519.181
MinimumVisualStudioVersion = 10.0.40219.1
Project("{FAE04EC0-301F-11D3-BF4B-00C04F79EFBC}") = "AbstractFactoryPattern", "AbstractFactoryPattern\AbstractFactoryPattern.csproj", "{60298B32-A0A9-4D46-B11B-E7ECDFE1CEE1}"
EndProject
Global
	GlobalSection(SolutionConfigurationPlatforms) = preSolution
		Debug|Any CPU = Debug|Any CPU
		Release|Any CPU = Release|Any CPU
	EndGlobalSection
	GlobalSection(ProjectConfigurationPlatforms) = postSolution
		{60298B32-A0A9-4D46-B11B-E7ECDFE1CEE1}.Debug|Any CPU.ActiveCfg = Debug|Any CPU
		{60298B32-A0A9-4D46-B11B-E7ECDFE1CEE1}.Debug|Any CPU.Build.0 = Debug|Any CPU
		{60298B32-A0A9-4D46-B11B-E7ECDFE1CEE1}.Release|Any CPU.ActiveCfg = Release|Any CPU
		{60298B32-A0A9-4D46-B11B-E7ECDFE1CEE1}.Release|Any CPU.Build.0 = Release|Any CPU
	EndGlobalSection
	GlobalSection(SolutionProperties) = preSolution
		HideSolutionNode = FALSE
	EndGlobalSection
	GlobalSection(ExtensibilityGlobals) = postSolution
		SolutionGuid = {E8A5D138-138C-4D44-9B29-85E99837B3C1}
	EndGlobalSection
EndGlobal
